#MicroXplorer Configuration settings - do not modify
#Mon Dec 19 16:36:45 CST 2016
File.Version=5
KeepUserPlacement=false
Mcu.Family=STM32F1
Mcu.IP0=NVIC
Mcu.IP1=RCC
Mcu.IP2=USB
Mcu.IP3=USB_DEVICE
Mcu.IPNb=4
Mcu.Name=STM32F103R(C-D-E)Tx
Mcu.Package=LQFP64
Mcu.Pin0=PD0-OSC_IN
Mcu.Pin1=PD1-OSC_OUT
Mcu.Pin2=PB12
Mcu.Pin3=PA11
Mcu.Pin4=PA12
Mcu.Pin5=VP_USB_DEVICE_VS_USB_DEVICE_CDC_FS
Mcu.PinsNb=6
Mcu.UserName=STM32F103RCTx
MxCube.Version=4.6.0
MxDb.Version=DB.4.0.60
NVIC.PriorityGroup=NVIC_PRIORITYGROUP_4
NVIC.SysTick_IRQn=true\:0\:0\:false
NVIC.USB_LP_CAN1_RX0_IRQn=true\:0\:0\:false
PA11.Mode=Device
PA11.Signal=USB_DM
PA12.Mode=Device
PA12.Signal=USB_DP
PB12.Locked=true
PB12.Signal=GPIO_Output
PCC.Family=STM32F1
PCC.MCU=STM32F103R(C-D-E)Tx
PCC.MXVersion=4.6.0
PCC.PartNumber=STM32F103RCTx
PCC.Seq0=0
PCC.SubFamily=STM32F103
PCC.Temperature=25
PCC.Vdd=3.3
PD0-OSC_IN.Mode=HSE-External-Oscillator
PD0-OSC_IN.Signal=RCC_OSC_IN
PD1-OSC_OUT.Mode=HSE-External-Oscillator
PD1-OSC_OUT.Signal=RCC_OSC_OUT
ProjectManager.AskForMigrate=true
ProjectManager.BackupPrevious=false
ProjectManager.CompilerOptimize=2
ProjectManager.ComputerToolchain=false
ProjectManager.CoupleFile=false
ProjectManager.DeletePrevious=true
ProjectManager.DeviceId=STM32F103RCTx
ProjectManager.FirmwarePackage=STM32Cube FW_F1 V1.0.0
ProjectManager.FreePins=false
ProjectManager.HalAssertFull=false
ProjectManager.KeepUserCode=true
ProjectManager.LastFirmware=true
ProjectManager.LibraryCopy=0
ProjectManager.ProjectBuild=false
ProjectManager.ProjectFileName=usb.ioc
ProjectManager.ProjectName=usb
ProjectManager.TargetToolchain=MDK-ARM 4.73
ProjectManager.ToolChainLocation=
RCC.ADCFreqValue=36000000
RCC.AHBFreq_Value=72000000
RCC.APB1CLKDivider=RCC_HCLK_DIV2
RCC.APB1Freq_Value=36000000
RCC.APB1TimFreq_Value=72000000
RCC.APB2Freq_Value=72000000
RCC.APB2TimFreq_Value=72000000
RCC.FCLKCortexFreq_Value=72000000
RCC.FamilyName=M
RCC.HCLKFreq_Value=72000000
RCC.HSIState=RCC_HSI_ON
RCC.I2S2Freq_Value=72000000
RCC.I2S3Freq_Value=72000000
RCC.IPParameters=HCLKFreq_Value,SYSCLKFreq_VALUE,FamilyName,PLLCLKFreq_Value,SDIOFreq_Value,USBFreq_Value,PLLMCOFreq_Value,SYSCLKSource,APB1CLKDivider,FCLKCortexFreq_Value,PLLSourceVirtual,APB2Freq_Value,USBPrescaler,APB2TimFreq_Value,PLLMUL,VCOOutput2Freq_Value,MCOFreq_Value,HSIState,I2S3Freq_Value,ADCFreqValue,I2S2Freq_Value,SDIOHCLKDiv2FreqValue,APB1TimFreq_Value,APB1Freq_Value,AHBFreq_Value,TimSysFreq_Value
RCC.MCOFreq_Value=72000000
RCC.PLLCLKFreq_Value=72000000
RCC.PLLMCOFreq_Value=36000000
RCC.PLLMUL=RCC_PLL_MUL9
RCC.PLLSourceVirtual=RCC_PLLSOURCE_HSE
RCC.SDIOFreq_Value=72000000
RCC.SDIOHCLKDiv2FreqValue=36000000
RCC.SYSCLKFreq_VALUE=72000000
RCC.SYSCLKSource=RCC_SYSCLKSOURCE_PLLCLK
RCC.TimSysFreq_Value=9000000
RCC.USBFreq_Value=48000000
RCC.USBPrescaler=RCC_USBPLLCLK_DIV1_5
RCC.VCOOutput2Freq_Value=8000000
USB_DEVICE.CLASS_NAME-CDC_FS=CDC
USB_DEVICE.IPParameters=CLASS_NAME-CDC_FS,USBD_MAX_STR_DESC_SIZ-CDC_FS,USBD_HandleTypeDef-CDC_FS,VirtualModeFS-CDC_FS,VirtualMode-CDC_FS,USBD_CDC_INTERVAL-CDC_FS
USB_DEVICE.USBD_CDC_INTERVAL-CDC_FS=1000
USB_DEVICE.USBD_HandleTypeDef-CDC_FS=hUsbDeviceFS
USB_DEVICE.USBD_MAX_STR_DESC_SIZ-CDC_FS=64
USB_DEVICE.VirtualMode-CDC_FS=Cdc
USB_DEVICE.VirtualModeFS-CDC_FS=Cdc_FS
VP_USB_DEVICE_VS_USB_DEVICE_CDC_FS.Mode=CDC_FS
VP_USB_DEVICE_VS_USB_DEVICE_CDC_FS.Signal=USB_DEVICE_VS_USB_DEVICE_CDC_FS
